
Microsoft Visual Studio Solution File, Format Version 12.00
Project("{FAE04EC0-301F-11D3-BF4B-00C04F79EFBC}") = "Intel8080Tools", "Intel8080Tools\Intel8080Tools.csproj", "{E710B2E2-08A9-47E1-A519-D7FE3762B600}"
EndProject
Project("{FAE04EC0-301F-11D3-BF4B-00C04F79EFBC}") = "Example", "Example\Example.csproj", "{C780FEE8-0A02-468F-B87B-C368360792C2}"
EndProject
Project("{FAE04EC0-301F-11D3-BF4B-00C04F79EFBC}") = "AssemblerBackend", "AssemblerBackend\AssemblerBackend.csproj", "{C9F3399C-BB6A-4294-A75A-EBEF4B5176DC}"
EndProject
Project("{2150E333-8FDC-42A3-9474-1A3956D46DE8}") = "Assembler", "Assembler", "{6AC3A726-A9A5-47CA-A379-64556B7874B6}"
EndProject
Project("{FAE04EC0-301F-11D3-BF4B-00C04F79EFBC}") = "Assembler", "Assembler\Assembler.csproj", "{F25B22F2-B13E-4EC4-9D08-C68821A0F109}"
EndProject
Global
	GlobalSection(SolutionConfigurationPlatforms) = preSolution
		Debug|Any CPU = Debug|Any CPU
		Release|Any CPU = Release|Any CPU
	EndGlobalSection
	GlobalSection(ProjectConfigurationPlatforms) = postSolution
		{E710B2E2-08A9-47E1-A519-D7FE3762B600}.Debug|Any CPU.ActiveCfg = Debug|Any CPU
		{E710B2E2-08A9-47E1-A519-D7FE3762B600}.Debug|Any CPU.Build.0 = Debug|Any CPU
		{E710B2E2-08A9-47E1-A519-D7FE3762B600}.Release|Any CPU.ActiveCfg = Release|Any CPU
		{E710B2E2-08A9-47E1-A519-D7FE3762B600}.Release|Any CPU.Build.0 = Release|Any CPU
		{C780FEE8-0A02-468F-B87B-C368360792C2}.Debug|Any CPU.ActiveCfg = Debug|Any CPU
		{C780FEE8-0A02-468F-B87B-C368360792C2}.Debug|Any CPU.Build.0 = Debug|Any CPU
		{C780FEE8-0A02-468F-B87B-C368360792C2}.Release|Any CPU.ActiveCfg = Release|Any CPU
		{C780FEE8-0A02-468F-B87B-C368360792C2}.Release|Any CPU.Build.0 = Release|Any CPU
		{C9F3399C-BB6A-4294-A75A-EBEF4B5176DC}.Debug|Any CPU.ActiveCfg = Debug|Any CPU
		{C9F3399C-BB6A-4294-A75A-EBEF4B5176DC}.Debug|Any CPU.Build.0 = Debug|Any CPU
		{C9F3399C-BB6A-4294-A75A-EBEF4B5176DC}.Release|Any CPU.ActiveCfg = Release|Any CPU
		{C9F3399C-BB6A-4294-A75A-EBEF4B5176DC}.Release|Any CPU.Build.0 = Release|Any CPU
		{F25B22F2-B13E-4EC4-9D08-C68821A0F109}.Debug|Any CPU.ActiveCfg = Debug|Any CPU
		{F25B22F2-B13E-4EC4-9D08-C68821A0F109}.Debug|Any CPU.Build.0 = Debug|Any CPU
		{F25B22F2-B13E-4EC4-9D08-C68821A0F109}.Release|Any CPU.ActiveCfg = Release|Any CPU
		{F25B22F2-B13E-4EC4-9D08-C68821A0F109}.Release|Any CPU.Build.0 = Release|Any CPU
	EndGlobalSection
	GlobalSection(NestedProjects) = preSolution
		{C9F3399C-BB6A-4294-A75A-EBEF4B5176DC} = {6AC3A726-A9A5-47CA-A379-64556B7874B6}
		{F25B22F2-B13E-4EC4-9D08-C68821A0F109} = {6AC3A726-A9A5-47CA-A379-64556B7874B6}
	EndGlobalSection
EndGlobal
